{
  "lockfile_version": "1",
  "packages": {
    "nodejs@20.11.1": {
      "last_modified": "2024-04-02T02:53:36Z",
      "plugin_version": "0.0.2",
      "resolved": "github:NixOS/nixpkgs/080a4a27f206d07724b88da096e27ef63401a504#nodejs_20",
      "source": "devbox-search",
      "version": "20.11.1",
      "systems": {
        "aarch64-darwin": {
          "outputs": [
            {
              "name": "out",
              "path": "/nix/store/j40phqwgkcbngyiv3vziyc8kx6axj471-nodejs-20.11.1",
              "default": true
            },
            {
              "name": "libv8",
              "path": "/nix/store/v39n7p25zq1n41b6r1qy8v83albapaw7-nodejs-20.11.1-libv8"
            }
          ],
          "store_path": "/nix/store/j40phqwgkcbngyiv3vziyc8kx6axj471-nodejs-20.11.1"
        },
        "aarch64-linux": {
          "outputs": [
            {
              "name": "out",
              "path": "/nix/store/4r6qr0bzmkdjjjaf7i4vbjmf92l9zpq0-nodejs-20.11.1",
              "default": true
            },
            {
              "name": "libv8",
              "path": "/nix/store/l6sn21nfn1xyl20i0r0500jpgbd32vg5-nodejs-20.11.1-libv8"
            }
          ],
          "store_path": "/nix/store/4r6qr0bzmkdjjjaf7i4vbjmf92l9zpq0-nodejs-20.11.1"
        },
        "x86_64-darwin": {
          "outputs": [
            {
              "name": "out",
              "path": "/nix/store/kwnl5cxqpa30alxwdksrjnzjrj4wrww3-nodejs-20.11.1",
              "default": true
            },
            {
              "name": "libv8",
              "path": "/nix/store/n5skfiy87k0vh5xyhmrbrn5bgmkr1i28-nodejs-20.11.1-libv8"
            }
          ],
          "store_path": "/nix/store/kwnl5cxqpa30alxwdksrjnzjrj4wrww3-nodejs-20.11.1"
        },
        "x86_64-linux": {
          "outputs": [
            {
              "name": "out",
              "path": "/nix/store/frchj7ynjnj5rwbhhdkwig25lz41y854-nodejs-20.11.1",
              "default": true
            },
            {
              "name": "libv8",
              "path": "/nix/store/1qvbzrhpjkpik7897n7j1ryryg6zrqns-nodejs-20.11.1-libv8"
            }
          ],
          "store_path": "/nix/store/frchj7ynjnj5rwbhhdkwig25lz41y854-nodejs-20.11.1"
        }
      }
    },
    "yarn@1.22.19": {
      "last_modified": "2024-03-08T13:51:52Z",
      "resolved": "github:NixOS/nixpkgs/a343533bccc62400e8a9560423486a3b6c11a23b#yarn",
      "source": "devbox-search",
      "version": "1.22.19",
      "systems": {
        "aarch64-darwin": {
          "outputs": [
            {
              "name": "out",
              "path": "/nix/store/7r6llb2c10y2vhg7jccynzif8g9zdvbi-yarn-1.22.19",
              "default": true
            }
          ],
          "store_path": "/nix/store/7r6llb2c10y2vhg7jccynzif8g9zdvbi-yarn-1.22.19"
        },
        "aarch64-linux": {
          "outputs": [
            {
              "name": "out",
              "path": "/nix/store/6xvv5b8wpxqfl56mssavl7yg29p962ss-yarn-1.22.19",
              "default": true
            }
          ],
          "store_path": "/nix/store/6xvv5b8wpxqfl56mssavl7yg29p962ss-yarn-1.22.19"
        },
        "x86_64-darwin": {
          "outputs": [
            {
              "name": "out",
              "path": "/nix/store/467zg6l9icqbjgpqar4i2xzyzzz87a63-yarn-1.22.19",
              "default": true
            }
          ],
          "store_path": "/nix/store/467zg6l9icqbjgpqar4i2xzyzzz87a63-yarn-1.22.19"
        },
        "x86_64-linux": {
          "outputs": [
            {
              "name": "out",
              "path": "/nix/store/iscnp03q7lm8fsyq0ahajl6dlb8msdb9-yarn-1.22.19",
              "default": true
            }
          ],
          "store_path": "/nix/store/iscnp03q7lm8fsyq0ahajl6dlb8msdb9-yarn-1.22.19"
        }
      }
    }
  }
}
